
Microsoft Visual Studio Solution File, Format Version 12.00
# Visual Studio Version 16
VisualStudioVersion = 16.0.31702.278
MinimumVisualStudioVersion = 10.0.40219.1
Project("{9A19103F-16F7-4668-BE54-9A1E7A4F7556}") = "WebLoginDemo", "WebLoginDemo\WebLoginDemo.csproj", "{516855C5-9C0A-4695-AFDC-C51C41C25C06}"
EndProject
Project("{9A19103F-16F7-4668-BE54-9A1E7A4F7556}") = "WebLoginDemoTests", "WebLoginDemo.Tests\WebLoginDemoTests.csproj", "{378F3A07-681A-4DC5-B8AD-7385D61BF9C0}"
EndProject
Global
	GlobalSection(SolutionConfigurationPlatforms) = preSolution
		Debug|Any CPU = Debug|Any CPU
		Release|Any CPU = Release|Any CPU
	EndGlobalSection
	GlobalSection(ProjectConfigurationPlatforms) = postSolution
		{516855C5-9C0A-4695-AFDC-C51C41C25C06}.Debug|Any CPU.ActiveCfg = Debug|Any CPU
		{516855C5-9C0A-4695-AFDC-C51C41C25C06}.Debug|Any CPU.Build.0 = Debug|Any CPU
		{516855C5-9C0A-4695-AFDC-C51C41C25C06}.Release|Any CPU.ActiveCfg = Release|Any CPU
		{516855C5-9C0A-4695-AFDC-C51C41C25C06}.Release|Any CPU.Build.0 = Release|Any CPU
		{378F3A07-681A-4DC5-B8AD-7385D61BF9C0}.Debug|Any CPU.ActiveCfg = Debug|Any CPU
		{378F3A07-681A-4DC5-B8AD-7385D61BF9C0}.Debug|Any CPU.Build.0 = Debug|Any CPU
		{378F3A07-681A-4DC5-B8AD-7385D61BF9C0}.Release|Any CPU.ActiveCfg = Release|Any CPU
		{378F3A07-681A-4DC5-B8AD-7385D61BF9C0}.Release|Any CPU.Build.0 = Release|Any CPU
	EndGlobalSection
	GlobalSection(SolutionProperties) = preSolution
		HideSolutionNode = FALSE
	EndGlobalSection
	GlobalSection(ExtensibilityGlobals) = postSolution
		SolutionGuid = {69EB320D-A18A-40E4-AA7D-643E6888F94B}
	EndGlobalSection
EndGlobal
